// !$*UTF8*$!
{
	archiveVersion = 1;
	classes = {
	};
	objectVersion = 46;
	objects = {

/* Begin PBXBuildFile section */
		B67156AC1E94E819002BF189 /* AppDelegate.swift in Sources */ = {isa = PBXBuildFile; fileRef = B67156AB1E94E819002BF189 /* AppDelegate.swift */; };
		B67156AE1E94E819002BF189 /* SignInViewController.swift in Sources */ = {isa = PBXBuildFile; fileRef = B67156AD1E94E819002BF189 /* SignInViewController.swift */; };
		B67156B11E94E819002BF189 /* Main.storyboard in Resources */ = {isa = PBXBuildFile; fileRef = B67156AF1E94E819002BF189 /* Main.storyboard */; };
		B67156B41E94E819002BF189 /* ThermoWear.xcdatamodeld in Sources */ = {isa = PBXBuildFile; fileRef = B67156B21E94E819002BF189 /* ThermoWear.xcdatamodeld */; };
		B67156B61E94E819002BF189 /* Assets.xcassets in Resources */ = {isa = PBXBuildFile; fileRef = B67156B51E94E819002BF189 /* Assets.xcassets */; };
		B67156B91E94E819002BF189 /* LaunchScreen.storyboard in Resources */ = {isa = PBXBuildFile; fileRef = B67156B71E94E819002BF189 /* LaunchScreen.storyboard */; };
		B67156C11E94E98A002BF189 /* GoogleService-Info.plist in Resources */ = {isa = PBXBuildFile; fileRef = B67156C01E94E98A002BF189 /* GoogleService-Info.plist */; };
		B67156C61E9507D3002BF189 /* MMenuViewController.swift in Sources */ = {isa = PBXBuildFile; fileRef = B67156C51E9507D3002BF189 /* MMenuViewController.swift */; };
		B67156C81E950C53002BF189 /* logo.png in Resources */ = {isa = PBXBuildFile; fileRef = B67156C71E950C53002BF189 /* logo.png */; };
		B67156CA1E950C5C002BF189 /* Thermometre.png in Resources */ = {isa = PBXBuildFile; fileRef = B67156C91E950C5C002BF189 /* Thermometre.png */; };
		B67156D01E955368002BF189 /* pastel button.png in Resources */ = {isa = PBXBuildFile; fileRef = B67156CF1E955368002BF189 /* pastel button.png */; };
		B6E2D3131E9558F300162A9C /* HistoryViewController.swift in Sources */ = {isa = PBXBuildFile; fileRef = B6E2D3121E9558F300162A9C /* HistoryViewController.swift */; };
		B6E2D3171E95747300162A9C /* MyDeviceViewController.swift in Sources */ = {isa = PBXBuildFile; fileRef = B6E2D3161E95747300162A9C /* MyDeviceViewController.swift */; };
		B6E2D3191E95841900162A9C /* ExamineViewController.swift in Sources */ = {isa = PBXBuildFile; fileRef = B6E2D3181E95841900162A9C /* ExamineViewController.swift */; };
		F712A2F6DFFBB6E10C7B166A /* Pods_ThermoWear.framework in Frameworks */ = {isa = PBXBuildFile; fileRef = 8297A5D25DE74DC7738CD3C8 /* Pods_ThermoWear.framework */; };
/* End PBXBuildFile section */

/* Begin PBXFileReference section */
		4829E35B9A64CB3A6770C27F /* Pods-ThermoWear.debug.xcconfig */ = {isa = PBXFileReference; includeInIndex = 1; lastKnownFileType = text.xcconfig; name = "Pods-ThermoWear.debug.xcconfig"; path = "Pods/Target Support Files/Pods-ThermoWear/Pods-ThermoWear.debug.xcconfig"; sourceTree = "<group>"; };
		8297A5D25DE74DC7738CD3C8 /* Pods_ThermoWear.framework */ = {isa = PBXFileReference; explicitFileType = wrapper.framework; includeInIndex = 0; path = Pods_ThermoWear.framework; sourceTree = BUILT_PRODUCTS_DIR; };
		B67156A81E94E819002BF189 /* ThermoWear.app */ = {isa = PBXFileReference; explicitFileType = wrapper.application; includeInIndex = 0; path = ThermoWear.app; sourceTree = BUILT_PRODUCTS_DIR; };
		B67156AB1E94E819002BF189 /* AppDelegate.swift */ = {isa = PBXFileReference; lastKnownFileType = sourcecode.swift; path = AppDelegate.swift; sourceTree = "<group>"; };
		B67156AD1E94E819002BF189 /* SignInViewController.swift */ = {isa = PBXFileReference; lastKnownFileType = sourcecode.swift; path = SignInViewController.swift; sourceTree = "<group>"; };
		B67156B01E94E819002BF189 /* Base */ = {isa = PBXFileReference; lastKnownFileType = file.storyboard; name = Base; path = Base.lproj/Main.storyboard; sourceTree = "<group>"; };
		B67156B31E94E819002BF189 /* ThermoWear.xcdatamodel */ = {isa = PBXFileReference; lastKnownFileType = wrapper.xcdatamodel; path = ThermoWear.xcdatamodel; sourceTree = "<group>"; };
		B67156B51E94E819002BF189 /* Assets.xcassets */ = {isa = PBXFileReference; lastKnownFileType = folder.assetcatalog; path = Assets.xcassets; sourceTree = "<group>"; };
		B67156B81E94E819002BF189 /* Base */ = {isa = PBXFileReference; lastKnownFileType = file.storyboard; name = Base; path = Base.lproj/LaunchScreen.storyboard; sourceTree = "<group>"; };
		B67156BA1E94E819002BF189 /* Info.plist */ = {isa = PBXFileReference; lastKnownFileType = text.plist.xml; path = Info.plist; sourceTree = "<group>"; };
		B67156C01E94E98A002BF189 /* GoogleService-Info.plist */ = {isa = PBXFileReference; fileEncoding = 4; lastKnownFileType = text.plist.xml; path = "GoogleService-Info.plist"; sourceTree = "<group>"; };
		B67156C21E94FFA7002BF189 /* ThermoWear.entitlements */ = {isa = PBXFileReference; lastKnownFileType = text.plist.entitlements; path = ThermoWear.entitlements; sourceTree = "<group>"; };
		B67156C51E9507D3002BF189 /* MMenuViewController.swift */ = {isa = PBXFileReference; fileEncoding = 4; lastKnownFileType = sourcecode.swift; path = MMenuViewController.swift; sourceTree = "<group>"; };
		B67156C71E950C53002BF189 /* logo.png */ = {isa = PBXFileReference; lastKnownFileType = image.png; path = logo.png; sourceTree = "<group>"; };
		B67156C91E950C5C002BF189 /* Thermometre.png */ = {isa = PBXFileReference; lastKnownFileType = image.png; path = Thermometre.png; sourceTree = "<group>"; };
		B67156CF1E955368002BF189 /* pastel button.png */ = {isa = PBXFileReference; lastKnownFileType = image.png; path = "pastel button.png"; sourceTree = "<group>"; };
		B6E2D3121E9558F300162A9C /* HistoryViewController.swift */ = {isa = PBXFileReference; fileEncoding = 4; lastKnownFileType = sourcecode.swift; path = HistoryViewController.swift; sourceTree = "<group>"; };
		B6E2D3161E95747300162A9C /* MyDeviceViewController.swift */ = {isa = PBXFileReference; fileEncoding = 4; lastKnownFileType = sourcecode.swift; path = MyDeviceViewController.swift; sourceTree = "<group>"; };
		B6E2D3181E95841900162A9C /* ExamineViewController.swift */ = {isa = PBXFileReference; fileEncoding = 4; lastKnownFileType = sourcecode.swift; path = ExamineViewController.swift; sourceTree = "<group>"; };
		C2F031CA2A4E30C6384DA29E /* Pods-ThermoWear.release.xcconfig */ = {isa = PBXFileReference; includeInIndex = 1; lastKnownFileType = text.xcconfig; name = "Pods-ThermoWear.release.xcconfig"; path = "Pods/Target Support Files/Pods-ThermoWear/Pods-ThermoWear.release.xcconfig"; sourceTree = "<group>"; };
/* End PBXFileReference section */

/* Begin PBXFrameworksBuildPhase section */
		B67156A51E94E819002BF189 /* Frameworks */ = {
			isa = PBXFrameworksBuildPhase;
			buildActionMask = 2147483647;
			files = (
				F712A2F6DFFBB6E10C7B166A /* Pods_ThermoWear.framework in Frameworks */,
			);
			runOnlyForDeploymentPostprocessing = 0;
		};
/* End PBXFrameworksBuildPhase section */

/* Begin PBXGroup section */
		6FF1E3400894C475C789148B /* Frameworks */ = {
			isa = PBXGroup;
			children = (
				8297A5D25DE74DC7738CD3C8 /* Pods_ThermoWear.framework */,
			);
			name = Frameworks;
			sourceTree = "<group>";
		};
		7E0B259D11E2C490DBB90B1F /* Pods */ = {
			isa = PBXGroup;
			children = (
				4829E35B9A64CB3A6770C27F /* Pods-ThermoWear.debug.xcconfig */,
				C2F031CA2A4E30C6384DA29E /* Pods-ThermoWear.release.xcconfig */,
			);
			name = Pods;
			sourceTree = "<group>";
		};
		B671569F1E94E819002BF189 = {
			isa = PBXGroup;
			children = (
				B67156AA1E94E819002BF189 /* ThermoWear */,
				B67156A91E94E819002BF189 /* Products */,
				7E0B259D11E2C490DBB90B1F /* Pods */,
				6FF1E3400894C475C789148B /* Frameworks */,
			);
			sourceTree = "<group>";
		};
		B67156A91E94E819002BF189 /* Products */ = {
			isa = PBXGroup;
			children = (
				B67156A81E94E819002BF189 /* ThermoWear.app */,
			);
			name = Products;
			sourceTree = "<group>";
		};
		B67156AA1E94E819002BF189 /* ThermoWear */ = {
			isa = PBXGroup;
			children = (
				B67156C21E94FFA7002BF189 /* ThermoWear.entitlements */,
				B67156AB1E94E819002BF189 /* AppDelegate.swift */,
				B67156AD1E94E819002BF189 /* SignInViewController.swift */,
				B67156C51E9507D3002BF189 /* MMenuViewController.swift */,
				B6E2D3121E9558F300162A9C /* HistoryViewController.swift */,
				B67156AF1E94E819002BF189 /* Main.storyboard */,
				B6E2D3181E95841900162A9C /* ExamineViewController.swift */,
				B6E2D3161E95747300162A9C /* MyDeviceViewController.swift */,
				B67156B51E94E819002BF189 /* Assets.xcassets */,
				B67156B71E94E819002BF189 /* LaunchScreen.storyboard */,
				B67156BA1E94E819002BF189 /* Info.plist */,
				B67156B21E94E819002BF189 /* ThermoWear.xcdatamodeld */,
				B67156C01E94E98A002BF189 /* GoogleService-Info.plist */,
				B67156C71E950C53002BF189 /* logo.png */,
				B67156CF1E955368002BF189 /* pastel button.png */,
				B67156C91E950C5C002BF189 /* Thermometre.png */,
			);
			path = ThermoWear;
			sourceTree = "<group>";
		};
/* End PBXGroup section */

/* Begin PBXNativeTarget section */
		B67156A71E94E819002BF189 /* ThermoWear */ = {
			isa = PBXNativeTarget;
			buildConfigurationList = B67156BD1E94E819002BF189 /* Build configuration list for PBXNativeTarget "ThermoWear" */;
			buildPhases = (
				CD713B9D2650A83942CB66E6 /* [CP] Check Pods Manifest.lock */,
				B67156A41E94E819002BF189 /* Sources */,
				B67156A51E94E819002BF189 /* Frameworks */,
				B67156A61E94E819002BF189 /* Resources */,
				0165220B25FDA1BA785370C9 /* [CP] Embed Pods Frameworks */,
				D5FFD1950C9E38DDA55F3913 /* [CP] Copy Pods Resources */,
			);
			buildRules = (
			);
			dependencies = (
			);
			name = ThermoWear;
			productName = ThermoWear;
			productReference = B67156A81E94E819002BF189 /* ThermoWear.app */;
			productType = "com.apple.product-type.application";
		};
/* End PBXNativeTarget section */

/* Begin PBXProject section */
		B67156A01E94E819002BF189 /* Project object */ = {
			isa = PBXProject;
			attributes = {
				LastSwiftUpdateCheck = 0830;
				LastUpgradeCheck = 0830;
				ORGANIZATIONNAME = "Derek Jacobs";
				TargetAttributes = {
					B67156A71E94E819002BF189 = {
						CreatedOnToolsVersion = 8.3;
						DevelopmentTeam = FAP4SD28AS;
						ProvisioningStyle = Automatic;
						SystemCapabilities = {
							com.apple.Keychain = {
								enabled = 1;
							};
						};
					};
				};
			};
			buildConfigurationList = B67156A31E94E819002BF189 /* Build configuration list for PBXProject "ThermoWear" */;
			compatibilityVersion = "Xcode 3.2";
			developmentRegion = English;
			hasScannedForEncodings = 0;
			knownRegions = (
				en,
				Base,
			);
			mainGroup = B671569F1E94E819002BF189;
			productRefGroup = B67156A91E94E819002BF189 /* Products */;
			projectDirPath = "";
			projectRoot = "";
			targets = (
				B67156A71E94E819002BF189 /* ThermoWear */,
			);
		};
/* End PBXProject section */

/* Begin PBXResourcesBuildPhase section */
		B67156A61E94E819002BF189 /* Resources */ = {
			isa = PBXResourcesBuildPhase;
			buildActionMask = 2147483647;
			files = (
				B67156B91E94E819002BF189 /* LaunchScreen.storyboard in Resources */,
				B67156C81E950C53002BF189 /* logo.png in Resources */,
				B67156C11E94E98A002BF189 /* GoogleService-Info.plist in Resources */,
				B67156D01E955368002BF189 /* pastel button.png in Resources */,
				B67156B61E94E819002BF189 /* Assets.xcassets in Resources */,
				B67156CA1E950C5C002BF189 /* Thermometre.png in Resources */,
				B67156B11E94E819002BF189 /* Main.storyboard in Resources */,
			);
			runOnlyForDeploymentPostprocessing = 0;
		};
/* End PBXResourcesBuildPhase section */

/* Begin PBXShellScriptBuildPhase section */
		0165220B25FDA1BA785370C9 /* [CP] Embed Pods Frameworks */ = {
			isa = PBXShellScriptBuildPhase;
			buildActionMask = 2147483647;
			files = (
			);
			inputPaths = (
			);
			name = "[CP] Embed Pods Frameworks";
			outputPaths = (
			);
			runOnlyForDeploymentPostprocessing = 0;
			shellPath = /bin/sh;
			shellScript = "\"${SRCROOT}/Pods/Target Support Files/Pods-ThermoWear/Pods-ThermoWear-frameworks.sh\"\n";
			showEnvVarsInLog = 0;
		};
		CD713B9D2650A83942CB66E6 /* [CP] Check Pods Manifest.lock */ = {
			isa = PBXShellScriptBuildPhase;
			buildActionMask = 2147483647;
			files = (
			);
			inputPaths = (
			);
			name = "[CP] Check Pods Manifest.lock";
			outputPaths = (
			);
			runOnlyForDeploymentPostprocessing = 0;
			shellPath = /bin/sh;
			shellScript = "diff \"${PODS_ROOT}/../Podfile.lock\" \"${PODS_ROOT}/Manifest.lock\" > /dev/null\nif [ $? != 0 ] ; then\n    # print error to STDERR\n    echo \"error: The sandbox is not in sync with the Podfile.lock. Run 'pod install' or update your CocoaPods installation.\" >&2\n    exit 1\nfi\n";
			showEnvVarsInLog = 0;
		};
		D5FFD1950C9E38DDA55F3913 /* [CP] Copy Pods Resources */ = {
			isa = PBXShellScriptBuildPhase;
			buildActionMask = 2147483647;
			files = (
			);
			inputPaths = (
			);
			name = "[CP] Copy Pods Resources";
			outputPaths = (
			);
			runOnlyForDeploymentPostprocessing = 0;
			shellPath = /bin/sh;
			shellScript = "\"${SRCROOT}/Pods/Target Support Files/Pods-ThermoWear/Pods-ThermoWear-resources.sh\"\n";
			showEnvVarsInLog = 0;
		};
/* End PBXShellScriptBuildPhase section */

/* Begin PBXSourcesBuildPhase section */
		B67156A41E94E819002BF189 /* Sources */ = {
			isa = PBXSourcesBuildPhase;
			buildActionMask = 2147483647;
			files = (
				B6E2D3191E95841900162A9C /* ExamineViewController.swift in Sources */,
				B67156B41E94E819002BF189 /* ThermoWear.xcdatamodeld in Sources */,
				B67156C61E9507D3002BF189 /* MMenuViewController.swift in Sources */,
				B67156AE1E94E819002BF189 /* SignInViewController.swift in Sources */,
				B6E2D3131E9558F300162A9C /* HistoryViewController.swift in Sources */,
				B6E2D3171E95747300162A9C /* MyDeviceViewController.swift in Sources */,
				B67156AC1E94E819002BF189 /* AppDelegate.swift in Sources */,
			);
			runOnlyForDeploymentPostprocessing = 0;
		};
/* End PBXSourcesBuildPhase section */

/* Begin PBXVariantGroup section */
		B67156AF1E94E819002BF189 /* Main.storyboard */ = {
			isa = PBXVariantGroup;
			children = (
				B67156B01E94E819002BF189 /* Base */,
			);
			name = Main.storyboard;
			sourceTree = "<group>";
		};
		B67156B71E94E819002BF189 /* LaunchScreen.storyboard */ = {
			isa = PBXVariantGroup;
			children = (
				B67156B81E94E819002BF189 /* Base */,
			);
			name = LaunchScreen.storyboard;
			sourceTree = "<group>";
		};
/* End PBXVariantGroup section */

/* Begin XCBuildConfiguration section */
		B67156BB1E94E819002BF189 /* Debug */ = {
			isa = XCBuildConfiguration;
			buildSettings = {
				ALWAYS_SEARCH_USER_PATHS = NO;
				CLANG_ANALYZER_NONNULL = YES;
				CLANG_ANALYZER_NUMBER_OBJECT_CONVERSION = YES_AGGRESSIVE;
				CLANG_CXX_LANGUAGE_STANDARD = "gnu++0x";
				CLANG_CXX_LIBRARY = "libc++";
				CLANG_ENABLE_MODULES = YES;
				CLANG_ENABLE_OBJC_ARC = YES;
				CLANG_WARN_BOOL_CONVERSION = YES;
				CLANG_WARN_CONSTANT_CONVERSION = YES;
				CLANG_WARN_DIRECT_OBJC_ISA_USAGE = YES_ERROR;
				CLANG_WARN_DOCUMENTATION_COMMENTS = YES;
				CLANG_WARN_EMPTY_BODY = YES;
				CLANG_WARN_ENUM_CONVERSION = YES;
				CLANG_WARN_INFINITE_RECURSION = YES;
				CLANG_WARN_INT_CONVERSION = YES;
				CLANG_WARN_OBJC_ROOT_CLASS = YES_ERROR;
				CLANG_WARN_SUSPICIOUS_MOVE = YES;
				CLANG_WARN_UNREACHABLE_CODE = YES;
				CLANG_WARN__DUPLICATE_METHOD_MATCH = YES;
				"CODE_SIGN_IDENTITY[sdk=iphoneos*]" = "iPhone Developer";
				COPY_PHASE_STRIP = NO;
				DEBUG_INFORMATION_FORMAT = dwarf;
				ENABLE_STRICT_OBJC_MSGSEND = YES;
				ENABLE_TESTABILITY = YES;
				GCC_C_LANGUAGE_STANDARD = gnu99;
				GCC_DYNAMIC_NO_PIC = NO;
				GCC_NO_COMMON_BLOCKS = YES;
				GCC_OPTIMIZATION_LEVEL = 0;
				GCC_PREPROCESSOR_DEFINITIONS = (
					"DEBUG=1",
					"$(inherited)",
				);
				GCC_WARN_64_TO_32_BIT_CONVERSION = YES;
				GCC_WARN_ABOUT_RETURN_TYPE = YES_ERROR;
				GCC_WARN_UNDECLARED_SELECTOR = YES;
				GCC_WARN_UNINITIALIZED_AUTOS = YES_AGGRESSIVE;
				GCC_WARN_UNUSED_FUNCTION = YES;
				GCC_WARN_UNUSED_VARIABLE = YES;
				IPHONEOS_DEPLOYMENT_TARGET = 10.3;
				MTL_ENABLE_DEBUG_INFO = YES;
				ONLY_ACTIVE_ARCH = YES;
				SDKROOT = iphoneos;
				SWIFT_ACTIVE_COMPILATION_CONDITIONS = DEBUG;
				SWIFT_OPTIMIZATION_LEVEL = "-Onone";
				TARGETED_DEVICE_FAMILY = "1,2";
			};
			name = Debug;
		};
		B67156BC1E94E819002BF189 /* Release */ = {
			isa = XCBuildConfiguration;
			buildSettings = {
				ALWAYS_SEARCH_USER_PATHS = NO;
				CLANG_ANALYZER_NONNULL = YES;
				CLANG_ANALYZER_NUMBER_OBJECT_CONVERSION = YES_AGGRESSIVE;
				CLANG_CXX_LANGUAGE_STANDARD = "gnu++0x";
				CLANG_CXX_LIBRARY = "libc++";
				CLANG_ENABLE_MODULES = YES;
				CLANG_ENABLE_OBJC_ARC = YES;
				CLANG_WARN_BOOL_CONVERSION = YES;
				CLANG_WARN_CONSTANT_CONVERSION = YES;
				CLANG_WARN_DIRECT_OBJC_ISA_USAGE = YES_ERROR;
				CLANG_WARN_DOCUMENTATION_COMMENTS = YES;
				CLANG_WARN_EMPTY_BODY = YES;
				CLANG_WARN_ENUM_CONVERSION = YES;
				CLANG_WARN_INFINITE_RECURSION = YES;
				CLANG_WARN_INT_CONVERSION = YES;
				CLANG_WARN_OBJC_ROOT_CLASS = YES_ERROR;
				CLANG_WARN_SUSPICIOUS_MOVE = YES;
				CLANG_WARN_UNREACHABLE_CODE = YES;
				CLANG_WARN__DUPLICATE_METHOD_MATCH = YES;
				"CODE_SIGN_IDENTITY[sdk=iphoneos*]" = "iPhone Developer";
				COPY_PHASE_STRIP = NO;
				DEBUG_INFORMATION_FORMAT = "dwarf-with-dsym";
				ENABLE_NS_ASSERTIONS = NO;
				ENABLE_STRICT_OBJC_MSGSEND = YES;
				GCC_C_LANGUAGE_STANDARD = gnu99;
				GCC_NO_COMMON_BLOCKS = YES;
				GCC_WARN_64_TO_32_BIT_CONVERSION = YES;
				GCC_WARN_ABOUT_RETURN_TYPE = YES_ERROR;
				GCC_WARN_UNDECLARED_SELECTOR = YES;
				GCC_WARN_UNINITIALIZED_AUTOS = YES_AGGRESSIVE;
				GCC_WARN_UNUSED_FUNCTION = YES;
				GCC_WARN_UNUSED_VARIABLE = YES;
				IPHONEOS_DEPLOYMENT_TARGET = 10.3;
				MTL_ENABLE_DEBUG_INFO = NO;
				SDKROOT = iphoneos;
				SWIFT_OPTIMIZATION_LEVEL = "-Owholemodule";
				TARGETED_DEVICE_FAMILY = "1,2";
				VALIDATE_PRODUCT = YES;
			};
			name = Release;
		};
		B67156BE1E94E819002BF189 /* Debug */ = {
			isa = XCBuildConfiguration;
			baseConfigurationReference = 4829E35B9A64CB3A6770C27F /* Pods-ThermoWear.debug.xcconfig */;
			buildSettings = {
				ASSETCATALOG_COMPILER_APPICON_NAME = AppIcon;
				CODE_SIGN_ENTITLEMENTS = ThermoWear/ThermoWear.entitlements;
				DEVELOPMENT_TEAM = FAP4SD28AS;
				INFOPLIST_FILE = ThermoWear/Info.plist;
				LD_RUNPATH_SEARCH_PATHS = "$(inherited) @executable_path/Frameworks";
				PRODUCT_BUNDLE_IDENTIFIER = "ES-1050.ThermoWearG13";
				PRODUCT_NAME = "$(TARGET_NAME)";
				SWIFT_VERSION = 3.0;
			};
			name = Debug;
		};
		B67156BF1E94E819002BF189 /* Release */ = {
			isa = XCBuildConfiguration;
			baseConfigurationReference = C2F031CA2A4E30C6384DA29E /* Pods-ThermoWear.release.xcconfig */;
			buildSettings = {
				ASSETCATALOG_COMPILER_APPICON_NAME = AppIcon;
				CODE_SIGN_ENTITLEMENTS = ThermoWear/ThermoWear.entitlements;
				DEVELOPMENT_TEAM = FAP4SD28AS;
				INFOPLIST_FILE = ThermoWear/Info.plist;
				LD_RUNPATH_SEARCH_PATHS = "$(inherited) @executable_path/Frameworks";
				PRODUCT_BUNDLE_IDENTIFIER = "ES-1050.ThermoWearG13";
				PRODUCT_NAME = "$(TARGET_NAME)";
				SWIFT_VERSION = 3.0;
			};
			name = Release;
		};
/* End XCBuildConfiguration section */

/* Begin XCConfigurationList section */
		B67156A31E94E819002BF189 /* Build configuration list for PBXProject "ThermoWear" */ = {
			isa = XCConfigurationList;
			buildConfigurations = (
				B67156BB1E94E819002BF189 /* Debug */,
				B67156BC1E94E819002BF189 /* Release */,
			);
			defaultConfigurationIsVisible = 0;
			defaultConfigurationName = Release;
		};
		B67156BD1E94E819002BF189 /* Build configuration list for PBXNativeTarget "ThermoWear" */ = {
			isa = XCConfigurationList;
			buildConfigurations = (
				B67156BE1E94E819002BF189 /* Debug */,
				B67156BF1E94E819002BF189 /* Release */,
			);
			defaultConfigurationIsVisible = 0;
			defaultConfigurationName = Release;
		};
/* End XCConfigurationList section */

/* Begin XCVersionGroup section */
		B67156B21E94E819002BF189 /* ThermoWear.xcdatamodeld */ = {
			isa = XCVersionGroup;
			children = (
				B67156B31E94E819002BF189 /* ThermoWear.xcdatamodel */,
			);
			currentVersion = B67156B31E94E819002BF189 /* ThermoWear.xcdatamodel */;
			path = ThermoWear.xcdatamodeld;
			sourceTree = "<group>";
			versionGroupType = wrapper.xcdatamodel;
		};
/* End XCVersionGroup section */
	};
	rootObject = B67156A01E94E819002BF189 /* Project object */;
}
